lockfileVersion: "9.0"

settings:
  autoInstallPeers: true
  excludeLinksFromLockfile: false

importers:
  .:
    dependencies:
      cyanly_sdk:
        specifier: link:../../sdk_js
        version: link:../../sdk_js
      express:
        specifier: ^4.19.2
        version: 4.22.2
    devDependencies:
      "@types/express":
        specifier: ^4.17.21
        version: 4.17.25
      "@types/node":
        specifier: ^20.11.30
        version: 20.19.43
      tsdown:
        specifier: ^0.22.2
        version: 0.22.2(typescript@5.9.3)(unrun@0.3.1)
      typescript:
        specifier: ^5.4.3
        version: 5.9.3
      unrun:
        specifier: ^0.3.1
        version: 0.3.1

packages:
  "@babel/generator@8.0.0-rc.6":
    resolution:
      {
        integrity: sha512-6mIzgVK8DgEzvIapoQwhXTMnnkuE4STQmVv9H03i/tZ2ml8oev3TRvZJgTenK2Bsq0YWNtzOrFdTyNzCMFtjJQ==,
      }
    engines: { node: ^22.18.0 || >=24.11.0 }

  "@babel/helper-string-parser@8.0.0-rc.6":
    resolution:
      {
        integrity: sha512-BCkFy+zN6kXQed3YOT7aJl93NfDSzQc3pBfsvTVPs9gU9X3V0aefEF5kwBT0E+mDWH9QgKaZstYUQN9VdQZT4g==,
      }
    engines: { node: ^22.18.0 || >=24.11.0 }

  "@babel/helper-validator-identifier@8.0.0-rc.6":
    resolution:
      {
        integrity: sha512-nVJ+1JcCgntv8d78rRo++o2wuODT0Irknx2BF8Np4Ft2CRgjLqIs4qzSZ8b66yGbBdMWGmZBO9WEZv1hhNiSpg==,
      }
    engines: { node: ^22.18.0 || >=24.11.0 }

  "@babel/parser@8.0.0-rc.6":
    resolution:
      {
        integrity: sha512-rOS8IpdO7mQELkTPlCsTgPejO0bFuZdEDCGQJouYbYf9e1FLTym7Fei2pEjq8q7MWbX0ravcd7QQYKs1TxOuog==,
      }
    engines: { node: ^22.18.0 || >=24.11.0 }
    hasBin: true

  "@babel/types@8.0.0-rc.6":
    resolution:
      {
        integrity: sha512-p7/ABylAYlexb31wtRdIfH9L9A0Z2T/9H6zAqzqndkY2PLkvNNc580wGhp/gGKN4Sp9sQvSkhc6Oga8/O+wTyw==,
      }
    engines: { node: ^22.18.0 || >=24.11.0 }

  "@emnapi/core@1.11.0":
    resolution:
      {
        integrity: sha512-l9Oo58x0HOP5znGzVhYW9U3e5wVuA4LAZU2AGezTmkhO1CgQRFDhDg4nneHsu/t3WniXg9QrG2nIXL/ZS8ln8Q==,
      }

  "@emnapi/runtime@1.11.0":
    resolution:
      {
        integrity: sha512-55coeOFKHv1ywEcUXJtWU5f+Jr/W5tZDvZig8DLKSwUN1JpROQ4rk/SNOQiFWmaR/VKF4zuFyW1B8JduOSv6Pg==,
      }

  "@emnapi/wasi-threads@1.2.2":
    resolution:
      {
        integrity: sha512-c95qOXkHdydNKhscBTebqEC1CVAZpyqOfVfBzQ1qgzyl3gfeldUjIggDbIZgDKsHLgnsM+igH7TJ/eAasaVuMA==,
      }

  "@jridgewell/gen-mapping@0.3.13":
    resolution:
      {
        integrity: sha512-2kkt/7niJ6MgEPxF0bYdQ6etZaA+fQvDcLKckhy1yIQOzaoKjBBjSj63/aLVjYE3qhRt5dvM+uUyfCg6UKCBbA==,
      }

  "@jridgewell/resolve-uri@3.1.2":
    resolution:
      {
        integrity: sha512-bRISgCIjP20/tbWSPWMEi54QVPRZExkuD9lJL+UIxUKtwVJA8wW1Trb1jMs1RFXo1CBTNZ/5hpC9QvmKWdopKw==,
      }
    engines: { node: ">=6.0.0" }

  "@jridgewell/sourcemap-codec@1.5.5":
    resolution:
      {
        integrity: sha512-cYQ9310grqxueWbl+WuIUIaiUaDcj7WOq5fVhEljNVgRfOUhY9fy2zTvfoqWsnebh8Sl70VScFbICvJnLKB0Og==,
      }

  "@jridgewell/trace-mapping@0.3.31":
    resolution:
      {
        integrity: sha512-zzNR+SdQSDJzc8joaeP8QQoCQr8NuYx2dIIytl1QeBEZHJ9uW6hebsrYgbz8hJwUQao3TWCMtmfV8Nu1twOLAw==,
      }

  "@napi-rs/wasm-runtime@1.1.5":
    resolution:
      {
        integrity: sha512-AWPoBRJ9tsnVhor4sjO7rkni+7p+2IAEFj6cx06UgP10jkQHqay/36uRV/bFkgrh18D9vb4cr8Q0Pthskgzy+Q==,
      }
    peerDependencies:
      "@emnapi/core": ^1.7.1
      "@emnapi/runtime": ^1.7.1

  "@oxc-project/types@0.135.0":
    resolution:
      {
        integrity: sha512-wR+xRdFkUBMvcAjBJ2q2kcZM6d+DKu2NgoOyxZgYwZdLhmiv6+rnO8PZ/P68kMiZtIKm+pW7zyEJ4kSOs0vo+Q==,
      }

  "@quansync/fs@1.0.0":
    resolution:
      {
        integrity: sha512-4TJ3DFtlf1L5LDMaM6CanJ/0lckGNtJcMjQ1NAV6zDmA0tEHKZtxNKin8EgPaVX1YzljbxckyT2tJrpQKAtngQ==,
      }

  "@rolldown/binding-android-arm64@1.1.1":
    resolution:
      {
        integrity: sha512-BLf9Wak/gfwVb7NQTQW4wBgL3oAfPy7ArEkhwV543OVw/uY6B47z5xYsqPSZ9PDOorvURPinws6ThaFuNgGLgA==,
      }
    engines: { node: ^20.19.0 || >=22.12.0 }
    cpu: [arm64]
    os: [android]

  "@rolldown/binding-darwin-arm64@1.1.1":
    resolution:
      {
        integrity: sha512-rRZRPy/Ynb+Mxu0O6tfPldHeDgAn0sRij+IOUy6sFdUlv3hArGW/DloE3GfAxtqpOJuRNgF74Nr5gM4xBeU2jQ==,
      }
    engines: { node: ^20.19.0 || >=22.12.0 }
    cpu: [arm64]
    os: [darwin]

  "@rolldown/binding-darwin-x64@1.1.1":
    resolution:
      {
        integrity: sha512-/MtefPxhKPyWWFM8L45OWiEqRf+eSU2Qv9ZAyTaoZOoGcoPKxbbhjTJO2/U2IThv0uDZ4NWHc3/oTsR6IEOtww==,
      }
    engines: { node: ^20.19.0 || >=22.12.0 }
    cpu: [x64]
    os: [darwin]

  "@rolldown/binding-freebsd-x64@1.1.1":
    resolution:
      {
        integrity: sha512-202K+cpIi1kx/Zn7AtxBi4LTXSY67Aszb2K9rNsuW7FeBeh0nqoNmYLOSZidV0p88VPBzMmTZcHAdPNo3kRYzQ==,
      }
    engines: { node: ^20.19.0 || >=22.12.0 }
    cpu: [x64]
    os: [freebsd]

  "@rolldown/binding-linux-arm-gnueabihf@1.1.1":
    resolution:
      {
        integrity: sha512-wl9NfeXNUwrXtUc063tddmZFUI6qiNs1CNOwni0OL4vC7MqVSYugra3ZgtDmtVy8e0DluJTENmzIv2BwqLzT4Q==,
      }
    engines: { node: ^20.19.0 || >=22.12.0 }
    cpu: [arm]
    os: [linux]

  "@rolldown/binding-linux-arm64-gnu@1.1.1":
    resolution:
      {
        integrity: sha512-at2EO4o7D/PJLC4Xik16bU4CcjQE2tSv1LfqMA0TRYQYQihRm3gZeDB8xaX28A9SFedibcAk5DeMCKt4REKG0A==,
      }
    engines: { node: ^20.19.0 || >=22.12.0 }
    cpu: [arm64]
    os: [linux]
    libc: [glibc]

  "@rolldown/binding-linux-arm64-musl@1.1.1":
    resolution:
      {
        integrity: sha512-5PUjZx366h9tkJTPJF5eibxOlK3sGoeRiBJLLjjEB5/kLDuhr6qB3LkhqLz1smXNgsX+pBhnbcJBrPE30HznAA==,
      }
    engines: { node: ^20.19.0 || >=22.12.0 }
    cpu: [arm64]
    os: [linux]
    libc: [musl]

  "@rolldown/binding-linux-ppc64-gnu@1.1.1":
    resolution:
      {
        integrity: sha512-1WK84XPeio3tjP1sM/TMXiC0G1i1iq1qGZ71KfNQjEFLU1kwD+Cv5T8nGySg/JUFwLbaScu6ve9DmeXlmqpkFA==,
      }
    engines: { node: ^20.19.0 || >=22.12.0 }
    cpu: [ppc64]
    os: [linux]
    libc: [glibc]

  "@rolldown/binding-linux-s390x-gnu@1.1.1":
    resolution:
      {
        integrity: sha512-1nS1X5z1uMJ369RU25hTpKCFvUwXZp12dIzlzk4S+UxCTcSVGsAE6tzkOSufv/7jnmAtK0ZlrsJxh2fGmsnVSw==,
      }
    engines: { node: ^20.19.0 || >=22.12.0 }
    cpu: [s390x]
    os: [linux]
    libc: [glibc]

  "@rolldown/binding-linux-x64-gnu@1.1.1":
    resolution:
      {
        integrity: sha512-NwX/wspnq4vYyMFsqbYvzums3ki/Tk8FZbMzMAovPDp3OfLeYKby/D+9osokadXuYEV3OvpeHlwnr/bG8QMixA==,
      }
    engines: { node: ^20.19.0 || >=22.12.0 }
    cpu: [x64]
    os: [linux]
    libc: [glibc]

  "@rolldown/binding-linux-x64-musl@1.1.1":
    resolution:
      {
        integrity: sha512-+n46LhDrJFQM+229y4oXtVpj1G50U/+XuHMlpnisFTEXhrg9f/YIjp/HymX+PVJjBEr7XHRs3CFLelV464pqwA==,
      }
    engines: { node: ^20.19.0 || >=22.12.0 }
    cpu: [x64]
    os: [linux]
    libc: [musl]

  "@rolldown/binding-openharmony-arm64@1.1.1":
    resolution:
      {
        integrity: sha512-qGwEu47zOWYo7LdRHhCWTNhzwGtxXpdY6CERs8QEOqC0PXGGics/e3vHnyEUKt8xK6YkbZXFUCeklrpB6js8ag==,
      }
    engines: { node: ^20.19.0 || >=22.12.0 }
    cpu: [arm64]
    os: [openharmony]

  "@rolldown/binding-wasm32-wasi@1.1.1":
    resolution:
      {
        integrity: sha512-qczfgEH8u0wHGGOXtA7UMAybNKuQjjEXairyQaw4WzjiMztfbgatG1h4OKays/smhtwbWltpKCRGtVhU6h40Sg==,
      }
    engines: { node: ^20.19.0 || >=22.12.0 }
    cpu: [wasm32]

  "@rolldown/binding-win32-arm64-msvc@1.1.1":
    resolution:
      {
        integrity: sha512-4psXSh63mSbwJF+mB8/9yfUUEzBiHYcUjxa32EO9ZwKy0Ypwjcg4F10D8SvVXgd+isy2UUUjF9HJJnDu1T/4Gg==,
      }
    engines: { node: ^20.19.0 || >=22.12.0 }
    cpu: [arm64]
    os: [win32]

  "@rolldown/binding-win32-x64-msvc@1.1.1":
    resolution:
      {
        integrity: sha512-MUvC/HLXVjzkQkWiExdVTEEWf0py+GfWm8WKSZsekG3ih6a21iy0BHPF07X3JIf3ifoklZXTIaHTLPBgH1C3dw==,
      }
    engines: { node: ^20.19.0 || >=22.12.0 }
    cpu: [x64]
    os: [win32]

  "@rolldown/pluginutils@1.0.1":
    resolution:
      {
        integrity: sha512-2j9bGt5Jh8hj+vPtgzPtl72j0yRxHAyumoo6TNfAjsLB04UtpSvPbPcDcBMxz7n+9CYB0c1GxQFxYRg2jimqGw==,
      }

  "@tybys/wasm-util@0.10.2":
    resolution:
      {
        integrity: sha512-RoBvJ2X0wuKlWFIjrwffGw1IqZHKQqzIchKaadZZfnNpsAYp2mM0h36JtPCjNDAHGgYez/15uMBpfGwchhiMgg==,
      }

  "@types/body-parser@1.19.6":
    resolution:
      {
        integrity: sha512-HLFeCYgz89uk22N5Qg3dvGvsv46B8GLvKKo1zKG4NybA8U2DiEO3w9lqGg29t/tfLRJpJ6iQxnVw4OnB7MoM9g==,
      }

  "@types/connect@3.4.38":
    resolution:
      {
        integrity: sha512-K6uROf1LD88uDQqJCktA4yzL1YYAK6NgfsI0v/mTgyPKWsX1CnJ0XPSDhViejru1GcRkLWb8RlzFYJRqGUbaug==,
      }

  "@types/estree@1.0.9":
    resolution:
      {
        integrity: sha512-GhdPgy1el4/ImP05X05Uw4cw2/M93BCUmnEvWZNStlCzEKME4Fkk+YpoA5OiHNQmoS7Cafb8Xa3Pya8m1Qrzeg==,
      }

  "@types/express-serve-static-core@4.19.8":
    resolution:
      {
        integrity: sha512-02S5fmqeoKzVZCHPZid4b8JH2eM5HzQLZWN2FohQEy/0eXTq8VXZfSN6Pcr3F6N9R/vNrj7cpgbhjie6m/1tCA==,
      }

  "@types/express@4.17.25":
    resolution:
      {
        integrity: sha512-dVd04UKsfpINUnK0yBoYHDF3xu7xVH4BuDotC/xGuycx4CgbP48X/KF/586bcObxT0HENHXEU8Nqtu6NR+eKhw==,
      }

  "@types/http-errors@2.0.5":
    resolution:
      {
        integrity: sha512-r8Tayk8HJnX0FztbZN7oVqGccWgw98T/0neJphO91KkmOzug1KkofZURD4UaD5uH8AqcFLfdPErnBod0u71/qg==,
      }

  "@types/jsesc@2.5.1":
    resolution:
      {
        integrity: sha512-9VN+6yxLOPLOav+7PwjZbxiID2bVaeq0ED4qSQmdQTdjnXJSaCVKTR58t15oqH1H5t8Ng2ZX1SabJVoN9Q34bw==,
      }

  "@types/mime@1.3.5":
    resolution:
      {
        integrity: sha512-/pyBZWSLD2n0dcHE3hq8s8ZvcETHtEuF+3E7XVt0Ig2nvsVQXdghHVcEkIWjy9A0wKfTn97a/PSDYohKIlnP/w==,
      }

  "@types/node@20.19.43":
    resolution:
      {
        integrity: sha512-6oYBAi5ikg4Pl+kGsoYtawUMBT2zZMCvPNF7pVLnHZfd1zf38DRiWn/gT01RYCdUqkv7Fhr+C9ot4/tb+2sVvA==,
      }

  "@types/qs@6.15.1":
    resolution:
      {
        integrity: sha512-GZHUBZR9hckSUhrxmp1nG6NwdpM9fCunJwyThLW1X3AyHgd9IlHb6VANpQQqDr2o/qQp6McZ3y/IA2rVzKzSbw==,
      }

  "@types/range-parser@1.2.7":
    resolution:
      {
        integrity: sha512-hKormJbkJqzQGhziax5PItDUTMAM9uE2XXQmM37dyd4hVM+5aVl7oVxMVUiVQn2oCQFN/LKCZdvSM0pFRqbSmQ==,
      }

  "@types/send@0.17.6":
    resolution:
      {
        integrity: sha512-Uqt8rPBE8SY0RK8JB1EzVOIZ32uqy8HwdxCnoCOsYrvnswqmFZ/k+9Ikidlk/ImhsdvBsloHbAlewb2IEBV/Og==,
      }

  "@types/send@1.2.1":
    resolution:
      {
        integrity: sha512-arsCikDvlU99zl1g69TcAB3mzZPpxgw0UQnaHeC1Nwb015xp8bknZv5rIfri9xTOcMuaVgvabfIRA7PSZVuZIQ==,
      }

  "@types/serve-static@1.15.10":
    resolution:
      {
        integrity: sha512-tRs1dB+g8Itk72rlSI2ZrW6vZg0YrLI81iQSTkMmOqnqCaNr/8Ek4VwWcN5vZgCYWbg/JJSGBlUaYGAOP73qBw==,
      }

  accepts@1.3.8:
    resolution:
      {
        integrity: sha512-PYAthTa2m2VKxuvSD3DPC/Gy+U+sOA1LAuT8mkmRuvw+NACSaeXEQ+NHcVF7rONl6qcaxV3Uuemwawk+7+SJLw==,
      }
    engines: { node: ">= 0.6" }

  ansis@4.3.1:
    resolution:
      {
        integrity: sha512-BJ8/l4R5LRE7hW9WdSuGYrLSHi2ynxeFpDFbH0K/CgNeY/tyhk+vO6TYxXC5r5CpUhNVX310xzPsN/H9lCdfOA==,
      }
    engines: { node: ">=14" }

  array-flatten@1.1.1:
    resolution:
      {
        integrity: sha512-PCVAQswWemu6UdxsDFFX/+gVeYqKAod3D3UVm91jHwynguOwAvYPhx8nNlM++NqRcK6CxxpUafjmhIdKiHibqg==,
      }

  ast-kit@3.0.0-beta.1:
    resolution:
      {
        integrity: sha512-trmleAnZ2PxN/loHWVhhx1qeOHSRXq4TDsBBxq3GqeJitfk3+jTQ+v/C1km/KYq9M7wKqCewMh+/NAvVH7m+bw==,
      }
    engines: { node: ">=20.19.0" }

  birpc@4.0.0:
    resolution:
      {
        integrity: sha512-LShSxJP0KTmd101b6DRyGBj57LZxSDYWKitQNW/mi8GRMvZb078Uf9+pveax1DrVL89vm7mWe+TovdI/UDOuPw==,
      }

  body-parser@1.20.5:
    resolution:
      {
        integrity: sha512-3grm+/2tUOvu2cjJkvsIxrv/wVpfXQW4PsQHYm7yk4vfpu7Ekl6nEsYBoJUL6qDwZUx8wUhQ8tR2qz+ad9c9OA==,
      }
    engines: { node: ">= 0.8", npm: 1.2.8000 || >= 1.4.16 }

  bytes@3.1.2:
    resolution:
      {
        integrity: sha512-/Nf7TyzTx6S3yRJObOAV7956r8cr2+Oj8AC5dt8wSP3BQAoeX58NoHyCU8P8zGkNXStjTSi6fzO6F0pBdcYbEg==,
      }
    engines: { node: ">= 0.8" }

  cac@7.0.0:
    resolution:
      {
        integrity: sha512-tixWYgm5ZoOD+3g6UTea91eow5z6AAHaho3g0V9CNSNb45gM8SmflpAc+GRd1InC4AqN/07Unrgp56Y94N9hJQ==,
      }
    engines: { node: ">=20.19.0" }

  call-bind-apply-helpers@1.0.2:
    resolution:
      {
        integrity: sha512-Sp1ablJ0ivDkSzjcaJdxEunN5/XvksFJ2sMBFfq6x0ryhQV/2b/KwFe21cMpmHtPOSij8K99/wSfoEuTObmuMQ==,
      }
    engines: { node: ">= 0.4" }

  call-bound@1.0.4:
    resolution:
      {
        integrity: sha512-+ys997U96po4Kx/ABpBCqhA9EuxJaQWDQg7295H4hBphv3IZg0boBKuwYpt4YXp6MZ5AmZQnU/tyMTlRpaSejg==,
      }
    engines: { node: ">= 0.4" }

  content-disposition@0.5.4:
    resolution:
      {
        integrity: sha512-FveZTNuGw04cxlAiWbzi6zTAL/lhehaWbTtgluJh4/E95DqMwTmha3KZN1aAWA8cFIhHzMZUvLevkw5Rqk+tSQ==,
      }
    engines: { node: ">= 0.6" }

  content-type@1.0.5:
    resolution:
      {
        integrity: sha512-nTjqfcBFEipKdXCv4YDQWCfmcLZKm81ldF0pAopTvyrFGVbcR6P/VAAd5G7N+0tTr8QqiU0tFadD6FK4NtJwOA==,
      }
    engines: { node: ">= 0.6" }

  cookie-signature@1.0.7:
    resolution:
      {
        integrity: sha512-NXdYc3dLr47pBkpUCHtKSwIOQXLVn8dZEuywboCOJY/osA0wFSLlSawr3KN8qXJEyX66FcONTH8EIlVuK0yyFA==,
      }

  cookie@0.7.2:
    resolution:
      {
        integrity: sha512-yki5XnKuf750l50uGTllt6kKILY4nQ1eNIQatoXEByZ5dWgnKqbnqmTrBE5B4N7lrMJKQ2ytWMiTO2o0v6Ew/w==,
      }
    engines: { node: ">= 0.6" }

  debug@2.6.9:
    resolution:
      {
        integrity: sha512-bC7ElrdJaJnPbAP+1EotYvqZsb3ecl5wi6Bfi6BJTUcNowp6cvspg0jXznRTKDjm/E7AdgFBVeAPVMNcKGsHMA==,
      }
    peerDependencies:
      supports-color: "*"
    peerDependenciesMeta:
      supports-color:
        optional: true

  defu@6.1.7:
    resolution:
      {
        integrity: sha512-7z22QmUWiQ/2d0KkdYmANbRUVABpZ9SNYyH5vx6PZ+nE5bcC0l7uFvEfHlyld/HcGBFTL536ClDt3DEcSlEJAQ==,
      }

  depd@2.0.0:
    resolution:
      {
        integrity: sha512-g7nH6P6dyDioJogAAGprGpCtVImJhpPk/roCzdb3fIh61/s/nPsfR6onyMwkCAR/OlC3yBC0lESvUoQEAssIrw==,
      }
    engines: { node: ">= 0.8" }

  destroy@1.2.0:
    resolution:
      {
        integrity: sha512-2sJGJTaXIIaR1w4iJSNoN0hnMY7Gpc/n8D4qSCJw8QqFWXf7cuAgnEHxBpweaVcPevC2l3KpjYCx3NypQQgaJg==,
      }
    engines: { node: ">= 0.8", npm: 1.2.8000 || >= 1.4.16 }

  dts-resolver@3.0.0:
    resolution:
      {
        integrity: sha512-1T1f+z+4tl9XD+m+0HBgWoL/nm0bOIffyWaUuUSBlFg/86IWvfx+wjNaO/ybU0AJzG9/Mi5hBUgGV6zCmWEN7Q==,
      }
    engines: { node: ^22.18.0 || >=24.0.0 }
    peerDependencies:
      oxc-resolver: ">=11.0.0"
    peerDependenciesMeta:
      oxc-resolver:
        optional: true

  dunder-proto@1.0.1:
    resolution:
      {
        integrity: sha512-KIN/nDJBQRcXw0MLVhZE9iQHmG68qAVIBg9CqmUYjmQIhgij9U5MFvrqkUL5FbtyyzZuOeOt0zdeRe4UY7ct+A==,
      }
    engines: { node: ">= 0.4" }

  ee-first@1.1.1:
    resolution:
      {
        integrity: sha512-WMwm9LhRUo+WUaRN+vRuETqG89IgZphVSNkdFgeb6sS/E4OrDIN7t48CAewSHXc6C8lefD8KKfr5vY61brQlow==,
      }

  empathic@2.0.1:
    resolution:
      {
        integrity: sha512-YGRs8knHhKHVShLkFET/rWAU8kmHbOV5LwN938RHI0pljAJ1Gf6SzXsSmRaEzcXTtOOmVqJ5+WtQPL5uigY50Q==,
      }
    engines: { node: ">=14" }

  encodeurl@2.0.0:
    resolution:
      {
        integrity: sha512-Q0n9HRi4m6JuGIV1eFlmvJB7ZEVxu93IrMyiMsGC0lrMJMWzRgx6WGquyfQgZVb31vhGgXnfmPNNXmxnOkRBrg==,
      }
    engines: { node: ">= 0.8" }

  es-define-property@1.0.1:
    resolution:
      {
        integrity: sha512-e3nRfgfUZ4rNGL232gUgX06QNyyez04KdjFrF+LTRoOXmrOgFKDg4BCdsjW8EnT69eqdYGmRpJwiPVYNrCaW3g==,
      }
    engines: { node: ">= 0.4" }

  es-errors@1.3.0:
    resolution:
      {
        integrity: sha512-Zf5H2Kxt2xjTvbJvP2ZWLEICxA6j+hAmMzIlypy4xcBg1vKVnx89Wy0GbS+kf5cwCVFFzdCFh2XSCFNULS6csw==,
      }
    engines: { node: ">= 0.4" }

  es-object-atoms@1.1.2:
    resolution:
      {
        integrity: sha512-HWcBoN6NileqtSydK2FqHbS/LoDd2pqrnQHLyJzBj4kOp/ky2MWMN694xOfkK8/SnUsW2DH7EfyVlydKCsm1Zw==,
      }
    engines: { node: ">= 0.4" }

  escape-html@1.0.3:
    resolution:
      {
        integrity: sha512-NiSupZ4OeuGwr68lGIeym/ksIZMJodUGOSCZ/FSnTxcrekbvqrgdUxlJOMpijaKZVjAJrWrGs/6Jy8OMuyj9ow==,
      }

  estree-walker@3.0.3:
    resolution:
      {
        integrity: sha512-7RUKfXgSMMkzt6ZuXmqapOurLGPPfgj6l9uRZ7lRGolvk0y2yocc35LdcxKC5PQZdn2DMqioAQ2NoWcrTKmm6g==,
      }

  etag@1.8.1:
    resolution:
      {
        integrity: sha512-aIL5Fx7mawVa300al2BnEE4iNvo1qETxLrPI/o05L7z6go7fCw1J6EQmbK4FmJ2AS7kgVF/KEZWufBfdClMcPg==,
      }
    engines: { node: ">= 0.6" }

  express@4.22.2:
    resolution:
      {
        integrity: sha512-IuL+Elrou2ZvCFHs18/CIzy2Nzvo25nZ1/D2eIZlz7c+QUayAcYoiM2BthCjs+EBHVpjYjcuLDAiCWgeIX3X1Q==,
      }
    engines: { node: ">= 0.10.0" }

  fdir@6.5.0:
    resolution:
      {
        integrity: sha512-tIbYtZbucOs0BRGqPJkshJUYdL+SDH7dVM8gjy+ERp3WAUjLEFJE+02kanyHtwjWOnwrKYBiwAmM0p4kLJAnXg==,
      }
    engines: { node: ">=12.0.0" }
    peerDependencies:
      picomatch: ^3 || ^4
    peerDependenciesMeta:
      picomatch:
        optional: true

  finalhandler@1.3.2:
    resolution:
      {
        integrity: sha512-aA4RyPcd3badbdABGDuTXCMTtOneUCAYH/gxoYRTZlIJdF0YPWuGqiAsIrhNnnqdXGswYk6dGujem4w80UJFhg==,
      }
    engines: { node: ">= 0.8" }

  forwarded@0.2.0:
    resolution:
      {
        integrity: sha512-buRG0fpBtRHSTCOASe6hD258tEubFoRLb4ZNA6NxMVHNw2gOcwHo9wyablzMzOA5z9xA9L1KNjk/Nt6MT9aYow==,
      }
    engines: { node: ">= 0.6" }

  fresh@0.5.2:
    resolution:
      {
        integrity: sha512-zJ2mQYM18rEFOudeV4GShTGIQ7RbzA7ozbU9I/XBpm7kqgMywgmylMwXHxZJmkVoYkna9d2pVXVXPdYTP9ej8Q==,
      }
    engines: { node: ">= 0.6" }

  function-bind@1.1.2:
    resolution:
      {
        integrity: sha512-7XHNxH7qX9xG5mIwxkhumTox/MIRNcOgDrxWsMt2pAr23WHp6MrRlN7FBSFpCpr+oVO0F744iUgR82nJMfG2SA==,
      }

  get-intrinsic@1.3.0:
    resolution:
      {
        integrity: sha512-9fSjSaos/fRIVIp+xSJlE6lfwhES7LNtKaCBIamHsjr2na1BiABJPo0mOjjz8GJDURarmCPGqaiVg5mfjb98CQ==,
      }
    engines: { node: ">= 0.4" }

  get-proto@1.0.1:
    resolution:
      {
        integrity: sha512-sTSfBjoXBp89JvIKIefqw7U2CCebsc74kiY6awiGogKtoSGbgjYE/G/+l9sF3MWFPNc9IcoOC4ODfKHfxFmp0g==,
      }
    engines: { node: ">= 0.4" }

  get-tsconfig@5.0.0-beta.5:
    resolution:
      {
        integrity: sha512-/6gFNr0N04nob252sTQxyFLi3eKFRqIg1I87YcqAMT1i6SQrSF6KujUEQrtrjMV0H/eejTCltLdDSTEMzHbnsQ==,
      }
    engines: { node: ">=20.20.0" }

  gopd@1.2.0:
    resolution:
      {
        integrity: sha512-ZUKRh6/kUFoAiTAtTYPZJ3hw9wNxx+BIBOijnlG9PnrJsCcSjs1wyyD6vJpaYtgnzDrKYRSqf3OO6Rfa93xsRg==,
      }
    engines: { node: ">= 0.4" }

  has-symbols@1.1.0:
    resolution:
      {
        integrity: sha512-1cDNdwJ2Jaohmb3sg4OmKaMBwuC48sYni5HUw2DvsC8LjGTLK9h+eb1X6RyuOHe4hT0ULCW68iomhjUoKUqlPQ==,
      }
    engines: { node: ">= 0.4" }

  hasown@2.0.4:
    resolution:
      {
        integrity: sha512-T2UbfbBEF32wiepXIsMlTW9+dDYC6wMh/t/vYA4tuOMKqWz/n3vr1NFSxQiyP+zk2mXsoMA/i/7qV6LKut1t1A==,
      }
    engines: { node: ">= 0.4" }

  hookable@6.1.1:
    resolution:
      {
        integrity: sha512-U9LYDy1CwhMCnprUfeAZWZGByVbhd54hwepegYTK7Pi5NvqEj63ifz5z+xukznehT7i6NIZRu89Ay1AZmRsLEQ==,
      }

  http-errors@2.0.1:
    resolution:
      {
        integrity: sha512-4FbRdAX+bSdmo4AUFuS0WNiPz8NgFt+r8ThgNWmlrjQjt1Q7ZR9+zTlce2859x4KSXrwIsaeTqDoKQmtP8pLmQ==,
      }
    engines: { node: ">= 0.8" }

  iconv-lite@0.4.24:
    resolution:
      {
        integrity: sha512-v3MXnZAcvnywkTUEZomIActle7RXXeedOR31wwl7VlyoXO4Qi9arvSenNQWne1TcRwhCL1HwLI21bEqdpj8/rA==,
      }
    engines: { node: ">=0.10.0" }

  import-without-cache@0.4.0:
    resolution:
      {
        integrity: sha512-NkJQA7oZ4YHQhd2+H3BoRFKF3d/XNsiKpHZCQEMH9pDX27hQQLsTyOocyRgaIVtf8gHX3Nt3LPkR4e5EdtPAGQ==,
      }
    engines: { node: ^22.18.0 || >=24.0.0 }

  inherits@2.0.4:
    resolution:
      {
        integrity: sha512-k/vGaX4/Yla3WzyMCvTQOXYeIHvqOKtnqBduzTHpzpQZzAskKMhZ2K+EnBiSM9zGSoIFeMpXKxa4dYeZIQqewQ==,
      }

  ipaddr.js@1.9.1:
    resolution:
      {
        integrity: sha512-0KI/607xoxSToH7GjN1FfSbLoU0+btTicjsQSWQlh/hZykN8KpmMf7uYwPW3R+akZ6R/w18ZlXSHBYXiYUPO3g==,
      }
    engines: { node: ">= 0.10" }

  jsesc@3.1.0:
    resolution:
      {
        integrity: sha512-/sM3dO2FOzXjKQhJuo0Q173wf2KOo8t4I8vHy6lF9poUp7bKT0/NHE8fPX23PwfhnykfqnC2xRxOnVw5XuGIaA==,
      }
    engines: { node: ">=6" }
    hasBin: true

  math-intrinsics@1.1.0:
    resolution:
      {
        integrity: sha512-/IXtbwEk5HTPyEwyKX6hGkYXxM9nbj64B+ilVJnC/R6B0pH5G4V3b0pVbL7DBj4tkhBAppbQUlf6F6Xl9LHu1g==,
      }
    engines: { node: ">= 0.4" }

  media-typer@0.3.0:
    resolution:
      {
        integrity: sha512-dq+qelQ9akHpcOl/gUVRTxVIOkAJ1wR3QAvb4RsVjS8oVoFjDGTc679wJYmUmknUF5HwMLOgb5O+a3KxfWapPQ==,
      }
    engines: { node: ">= 0.6" }

  merge-descriptors@1.0.3:
    resolution:
      {
        integrity: sha512-gaNvAS7TZ897/rVaZ0nMtAyxNyi/pdbjbAwUpFQpN70GqnVfOiXpeUUMKRBmzXaSQ8DdTX4/0ms62r2K+hE6mQ==,
      }

  methods@1.1.2:
    resolution:
      {
        integrity: sha512-iclAHeNqNm68zFtnZ0e+1L2yUIdvzNoauKU4WBA3VvH/vPFieF7qfRlwUZU+DA9P9bPXIS90ulxoUoCH23sV2w==,
      }
    engines: { node: ">= 0.6" }

  mime-db@1.52.0:
    resolution:
      {
        integrity: sha512-sPU4uV7dYlvtWJxwwxHD0PuihVNiE7TyAbQ5SWxDCB9mUYvOgroQOwYQQOKPJ8CIbE+1ETVlOoK1UC2nU3gYvg==,
      }
    engines: { node: ">= 0.6" }

  mime-types@2.1.35:
    resolution:
      {
        integrity: sha512-ZDY+bPm5zTTF+YpCrAU9nK0UgICYPT0QtT1NZWFv4s++TNkcgVaT0g6+4R2uI4MjQjzysHB1zxuWL50hzaeXiw==,
      }
    engines: { node: ">= 0.6" }

  mime@1.6.0:
    resolution:
      {
        integrity: sha512-x0Vn8spI+wuJ1O6S7gnbaQg8Pxh4NNHb7KSINmEWKiPE4RKOplvijn+NkmYmmRgP68mc70j2EbeTFRsrswaQeg==,
      }
    engines: { node: ">=4" }
    hasBin: true

  ms@2.0.0:
    resolution:
      {
        integrity: sha512-Tpp60P6IUJDTuOq/5Z8cdskzJujfwqfOTkrwIwj7IRISpnkJnT6SyJ4PCPnGMoFjC9ddhal5KVIYtAt97ix05A==,
      }

  ms@2.1.3:
    resolution:
      {
        integrity: sha512-6FlzubTLZG3J2a/NVCAleEhjzq5oxgHyaCU9yYXvcLsvoVaHJq/s5xXI6/XXP6tz7R9xAOtHnSO/tXtF3WRTlA==,
      }

  negotiator@0.6.3:
    resolution:
      {
        integrity: sha512-+EUsqGPLsM+j/zdChZjsnX51g4XrHFOIXwfnCVPGlQk/k5giakcKsuxCObBRu6DSm9opw/O6slWbJdghQM4bBg==,
      }
    engines: { node: ">= 0.6" }

  object-inspect@1.13.4:
    resolution:
      {
        integrity: sha512-W67iLl4J2EXEGTbfeHCffrjDfitvLANg0UlX3wFUUSTx92KXRFegMHUVgSqE+wvhAbi4WqjGg9czysTV2Epbew==,
      }
    engines: { node: ">= 0.4" }

  obug@2.1.3:
    resolution:
      {
        integrity: sha512-9miFgM2OFba7hB+pRgvtV84pYTBaoTHohvmIgiRt6dRIzbwEOIaNaP+dIlGs2fNFoB0SeISs0Jz5WFVRid6Xyg==,
      }
    engines: { node: ">=12.20.0" }

  on-finished@2.4.1:
    resolution:
      {
        integrity: sha512-oVlzkg3ENAhCk2zdv7IJwd/QUD4z2RxRwpkcGY8psCVcCYZNq4wYnVWALHM+brtuJjePWiYF/ClmuDr8Ch5+kg==,
      }
    engines: { node: ">= 0.8" }

  parseurl@1.3.3:
    resolution:
      {
        integrity: sha512-CiyeOxFT/JZyN5m0z9PfXw4SCBJ6Sygz1Dpl0wqjlhDEGGBP1GnsUVEL0p63hoG1fcj3fHynXi9NYO4nWOL+qQ==,
      }
    engines: { node: ">= 0.8" }

  path-to-regexp@0.1.13:
    resolution:
      {
        integrity: sha512-A/AGNMFN3c8bOlvV9RreMdrv7jsmF9XIfDeCd87+I8RNg6s78BhJxMu69NEMHBSJFxKidViTEdruRwEk/WIKqA==,
      }

  pathe@2.0.3:
    resolution:
      {
        integrity: sha512-WUjGcAqP1gQacoQe+OBJsFA7Ld4DyXuUIjZ5cc75cLHvJ7dtNsTugphxIADwspS+AraAUePCKrSVtPLFj/F88w==,
      }

  picomatch@4.0.4:
    resolution:
      {
        integrity: sha512-QP88BAKvMam/3NxH6vj2o21R6MjxZUAd6nlwAS/pnGvN9IVLocLHxGYIzFhg6fUQ+5th6P4dv4eW9jX3DSIj7A==,
      }
    engines: { node: ">=12" }

  proxy-addr@2.0.7:
    resolution:
      {
        integrity: sha512-llQsMLSUDUPT44jdrU/O37qlnifitDP+ZwrmmZcoSKyLKvtZxpyV0n2/bD/N4tBAAZ/gJEdZU7KMraoK1+XYAg==,
      }
    engines: { node: ">= 0.10" }

  qs@6.15.2:
    resolution:
      {
        integrity: sha512-Rzq0KEyX/w/tEybncDgdkZrJgVUsUMk3xjh3t5bv3S1HTAtg+uOYt72+ZfwiQwKdysThkTBdL/rTi6HDmX9Ddw==,
      }
    engines: { node: ">=0.6" }

  quansync@1.0.0:
    resolution:
      {
        integrity: sha512-5xZacEEufv3HSTPQuchrvV6soaiACMFnq1H8wkVioctoH3TRha9Sz66lOxRwPK/qZj7HPiSveih9yAyh98gvqA==,
      }

  range-parser@1.2.1:
    resolution:
      {
        integrity: sha512-Hrgsx+orqoygnmhFbKaHE6c296J+HTAQXoxEF6gNupROmmGJRoyzfG3ccAveqCBrwr/2yxQ5BVd/GTl5agOwSg==,
      }
    engines: { node: ">= 0.6" }

  raw-body@2.5.3:
    resolution:
      {
        integrity: sha512-s4VSOf6yN0rvbRZGxs8Om5CWj6seneMwK3oDb4lWDH0UPhWcxwOWw5+qk24bxq87szX1ydrwylIOp2uG1ojUpA==,
      }
    engines: { node: ">= 0.8" }

  resolve-pkg-maps@1.0.0:
    resolution:
      {
        integrity: sha512-seS2Tj26TBVOC2NIc2rOe2y2ZO7efxITtLZcGSOnHHNOQ7CkiUBfw0Iw2ck6xkIhPwLhKNLS8BO+hEpngQlqzw==,
      }

  rolldown-plugin-dts@0.25.2:
    resolution:
      {
        integrity: sha512-nMhN/R+vmR8GM45ZW1FWMSjRTSDDn/6w4GTf8RNrEFCBdl8B1kySWrU1ixPtbwzXoRlcO+R/S88VgXuJQwfdDg==,
      }
    engines: { node: ^22.18.0 || >=24.0.0 }
    peerDependencies:
      "@ts-macro/tsc": ^0.3.6
      "@typescript/native-preview": ">=7.0.0-dev.20260325.1"
      rolldown: ^1.0.0
      typescript: ^5.0.0 || ^6.0.0
      vue-tsc: ~3.2.0
    peerDependenciesMeta:
      "@ts-macro/tsc":
        optional: true
      "@typescript/native-preview":
        optional: true
      typescript:
        optional: true
      vue-tsc:
        optional: true

  rolldown@1.1.1:
    resolution:
      {
        integrity: sha512-IN750c0p+s3jqJIsFLRZrQazmbAB1kkQDTtQjSt/gbS2ywLhlv4R5Shazer0FZKmuo/BsO3/w2UoYnUjuOZqHg==,
      }
    engines: { node: ^20.19.0 || >=22.12.0 }
    hasBin: true

  safe-buffer@5.2.1:
    resolution:
      {
        integrity: sha512-rp3So07KcdmmKbGvgaNxQSJr7bGVSVk5S9Eq1F+ppbRo70+YeaDxkw5Dd8NPN+GD6bjnYm2VuPuCXmpuYvmCXQ==,
      }

  safer-buffer@2.1.2:
    resolution:
      {
        integrity: sha512-YZo3K82SD7Riyi0E1EQPojLz7kpepnSQI9IyPbHHg1XXXevb5dJI7tpyN2ADxGcQbHG7vcyRHk0cbwqcQriUtg==,
      }

  semver@7.8.4:
    resolution:
      {
        integrity: sha512-rUCObTnP32Q08R2uuIrt7r9PlEonuTmtuXYcW6s5kjdlj3xbnwe+21yXptAUYcMAABLkYYTtnmzb3w3EDZfueA==,
      }
    engines: { node: ">=10" }
    hasBin: true

  send@0.19.2:
    resolution:
      {
        integrity: sha512-VMbMxbDeehAxpOtWJXlcUS5E8iXh6QmN+BkRX1GARS3wRaXEEgzCcB10gTQazO42tpNIya8xIyNx8fll1OFPrg==,
      }
    engines: { node: ">= 0.8.0" }

  serve-static@1.16.3:
    resolution:
      {
        integrity: sha512-x0RTqQel6g5SY7Lg6ZreMmsOzncHFU7nhnRWkKgWuMTu5NN0DR5oruckMqRvacAN9d5w6ARnRBXl9xhDCgfMeA==,
      }
    engines: { node: ">= 0.8.0" }

  setprototypeof@1.2.0:
    resolution:
      {
        integrity: sha512-E5LDX7Wrp85Kil5bhZv46j8jOeboKq5JMmYM3gVGdGH8xFpPWXUMsNrlODCrkoxMEeNi/XZIwuRvY4XNwYMJpw==,
      }

  side-channel-list@1.0.1:
    resolution:
      {
        integrity: sha512-mjn/0bi/oUURjc5Xl7IaWi/OJJJumuoJFQJfDDyO46+hBWsfaVM65TBHq2eoZBhzl9EchxOijpkbRC8SVBQU0w==,
      }
    engines: { node: ">= 0.4" }

  side-channel-map@1.0.1:
    resolution:
      {
        integrity: sha512-VCjCNfgMsby3tTdo02nbjtM/ewra6jPHmpThenkTYh8pG9ucZ/1P8So4u4FGBek/BjpOVsDCMoLA/iuBKIFXRA==,
      }
    engines: { node: ">= 0.4" }

  side-channel-weakmap@1.0.2:
    resolution:
      {
        integrity: sha512-WPS/HvHQTYnHisLo9McqBHOJk2FkHO/tlpvldyrnem4aeQp4hai3gythswg6p01oSoTl58rcpiFAjF2br2Ak2A==,
      }
    engines: { node: ">= 0.4" }

  side-channel@1.1.1:
    resolution:
      {
        integrity: sha512-6x6dK6zJdpTzF4sQeNYxwtvBzf6Eg4GtlesS94HOvTudUeyK2WXAaIfmDgsyslYrRBeFIlsi54AYsFGUuhmvrQ==,
      }
    engines: { node: ">= 0.4" }

  statuses@2.0.2:
    resolution:
      {
        integrity: sha512-DvEy55V3DB7uknRo+4iOGT5fP1slR8wQohVdknigZPMpMstaKJQWhwiYBACJE3Ul2pTnATihhBYnRhZQHGBiRw==,
      }
    engines: { node: ">= 0.8" }

  tinyexec@1.2.4:
    resolution:
      {
        integrity: sha512-SHf/r48b7vOrjve9PxJo3MN5v5yuyjHvdUcrQffT3WXMUfnGmHDVbC4k3sHJaJTgZCwpUplIaAo5ANtMyp3YHg==,
      }
    engines: { node: ">=18" }

  tinyglobby@0.2.17:
    resolution:
      {
        integrity: sha512-wXR/dYpcqKmfWpEdZjiKJOwCNFndD0DMnrW/cYjVGttEkBfVgcLFHoNrlj47mjOVic9yyNu65alsgF4NQyTa2g==,
      }
    engines: { node: ">=12.0.0" }

  toidentifier@1.0.1:
    resolution:
      {
        integrity: sha512-o5sSPKEkg/DIQNmH43V0/uerLrpzVedkUh8tGNvaeXpfpuwjKenlSox/2O/BTlZUtEe+JG7s5YhEz608PlAHRA==,
      }
    engines: { node: ">=0.6" }

  tree-kill@1.2.2:
    resolution:
      {
        integrity: sha512-L0Orpi8qGpRG//Nd+H90vFB+3iHnue1zSSGmNOOCh1GLJ7rUKVwV2HvijphGQS2UmhUZewS9VgvxYIdgr+fG1A==,
      }
    hasBin: true

  tsdown@0.22.2:
    resolution:
      {
        integrity: sha512-VX9gsyKXsTnBZjnIM4jsHl9aRv+GfgkE/k1hQslilaBfZMlaw3JuGR+6yhiU0QxWBtOCDnTjwOSoXzgB7Rr50g==,
      }
    engines: { node: ^22.18.0 || >=24.0.0 }
    hasBin: true
    peerDependencies:
      "@arethetypeswrong/core": ^0.18.1
      "@tsdown/css": 0.22.2
      "@tsdown/exe": 0.22.2
      "@vitejs/devtools": "*"
      publint: ^0.3.8
      tsx: "*"
      typescript: ^5.0.0 || ^6.0.0
      unplugin-unused: ^0.5.0
      unrun: "*"
    peerDependenciesMeta:
      "@arethetypeswrong/core":
        optional: true
      "@tsdown/css":
        optional: true
      "@tsdown/exe":
        optional: true
      "@vitejs/devtools":
        optional: true
      publint:
        optional: true
      tsx:
        optional: true
      typescript:
        optional: true
      unplugin-unused:
        optional: true
      unrun:
        optional: true

  tslib@2.8.1:
    resolution:
      {
        integrity: sha512-oJFu94HQb+KVduSUQL7wnpmqnfmLsOA/nAh6b6EH0wCEoK0/mPeXU6c3wKDV83MkOuHPRHtSXKKU99IBazS/2w==,
      }

  type-is@1.6.18:
    resolution:
      {
        integrity: sha512-TkRKr9sUTxEH8MdfuCSP7VizJyzRNMjj2J2do2Jr3Kym598JVdEksuzPQCnlFPW4ky9Q+iA+ma9BGm06XQBy8g==,
      }
    engines: { node: ">= 0.6" }

  typescript@5.9.3:
    resolution:
      {
        integrity: sha512-jl1vZzPDinLr9eUt3J/t7V6FgNEw9QjvBPdysz9KfQDD41fQrC2Y4vKQdiaUpFT4bXlb1RHhLpp8wtm6M5TgSw==,
      }
    engines: { node: ">=14.17" }
    hasBin: true

  unconfig-core@7.5.0:
    resolution:
      {
        integrity: sha512-Su3FauozOGP44ZmKdHy2oE6LPjk51M/TRRjHv2HNCWiDvfvCoxC2lno6jevMA91MYAdCdwP05QnWdWpSbncX/w==,
      }

  undici-types@6.21.0:
    resolution:
      {
        integrity: sha512-iwDZqg0QAGrg9Rav5H4n0M64c3mkR59cJ6wQp+7C4nI0gsmExaedaYLNO44eT4AtBBwjbTiGPMlt2Md0T9H9JQ==,
      }

  unpipe@1.0.0:
    resolution:
      {
        integrity: sha512-pjy2bYhSsufwWlKwPc+l3cN7+wuJlK6uz0YdJEOlQDbl6jo/YlPi4mb8agUkVC8BF7V8NuzeyPNqRksA3hztKQ==,
      }
    engines: { node: ">= 0.8" }

  unrun@0.3.1:
    resolution:
      {
        integrity: sha512-onIck/oNnCaytwths1ZVp1LK2Gq2hPoyFhiHebObuUXqR3S0uHuLLaBK8K6mRRgV7Ptip8AnNvaUsgzwWwBZuA==,
      }
    engines: { node: ^22.13.0 || >=24.0.0 }
    hasBin: true
    peerDependencies:
      synckit: ^0.11.11
    peerDependenciesMeta:
      synckit:
        optional: true

  utils-merge@1.0.1:
    resolution:
      {
        integrity: sha512-pMZTvIkT1d+TFGvDOqodOclx0QWkkgi6Tdoa8gC8ffGAAqz9pzPTZWAybbsHHoED/ztMtkv/VoYTYyShUn81hA==,
      }
    engines: { node: ">= 0.4.0" }

  vary@1.1.2:
    resolution:
      {
        integrity: sha512-BNGbWLfd0eUPabhkXUVm0j8uuvREyTh5ovRa/dyow/BqAbZJyC+5fU+IzQOzmAKzYqYRAISoRhdQr3eIZ/PXqg==,
      }
    engines: { node: ">= 0.8" }

snapshots:
  "@babel/generator@8.0.0-rc.6":
    dependencies:
      "@babel/parser": 8.0.0-rc.6
      "@babel/types": 8.0.0-rc.6
      "@jridgewell/gen-mapping": 0.3.13
      "@jridgewell/trace-mapping": 0.3.31
      "@types/jsesc": 2.5.1
      jsesc: 3.1.0

  "@babel/helper-string-parser@8.0.0-rc.6": {}

  "@babel/helper-validator-identifier@8.0.0-rc.6": {}

  "@babel/parser@8.0.0-rc.6":
    dependencies:
      "@babel/types": 8.0.0-rc.6

  "@babel/types@8.0.0-rc.6":
    dependencies:
      "@babel/helper-string-parser": 8.0.0-rc.6
      "@babel/helper-validator-identifier": 8.0.0-rc.6

  "@emnapi/core@1.11.0":
    dependencies:
      "@emnapi/wasi-threads": 1.2.2
      tslib: 2.8.1
    optional: true

  "@emnapi/runtime@1.11.0":
    dependencies:
      tslib: 2.8.1
    optional: true

  "@emnapi/wasi-threads@1.2.2":
    dependencies:
      tslib: 2.8.1
    optional: true

  "@jridgewell/gen-mapping@0.3.13":
    dependencies:
      "@jridgewell/sourcemap-codec": 1.5.5
      "@jridgewell/trace-mapping": 0.3.31

  "@jridgewell/resolve-uri@3.1.2": {}

  "@jridgewell/sourcemap-codec@1.5.5": {}

  "@jridgewell/trace-mapping@0.3.31":
    dependencies:
      "@jridgewell/resolve-uri": 3.1.2
      "@jridgewell/sourcemap-codec": 1.5.5

  "@napi-rs/wasm-runtime@1.1.5(@emnapi/core@1.11.0)(@emnapi/runtime@1.11.0)":
    dependencies:
      "@emnapi/core": 1.11.0
      "@emnapi/runtime": 1.11.0
      "@tybys/wasm-util": 0.10.2
    optional: true

  "@oxc-project/types@0.135.0": {}

  "@quansync/fs@1.0.0":
    dependencies:
      quansync: 1.0.0

  "@rolldown/binding-android-arm64@1.1.1":
    optional: true

  "@rolldown/binding-darwin-arm64@1.1.1":
    optional: true

  "@rolldown/binding-darwin-x64@1.1.1":
    optional: true

  "@rolldown/binding-freebsd-x64@1.1.1":
    optional: true

  "@rolldown/binding-linux-arm-gnueabihf@1.1.1":
    optional: true

  "@rolldown/binding-linux-arm64-gnu@1.1.1":
    optional: true

  "@rolldown/binding-linux-arm64-musl@1.1.1":
    optional: true

  "@rolldown/binding-linux-ppc64-gnu@1.1.1":
    optional: true

  "@rolldown/binding-linux-s390x-gnu@1.1.1":
    optional: true

  "@rolldown/binding-linux-x64-gnu@1.1.1":
    optional: true

  "@rolldown/binding-linux-x64-musl@1.1.1":
    optional: true

  "@rolldown/binding-openharmony-arm64@1.1.1":
    optional: true

  "@rolldown/binding-wasm32-wasi@1.1.1":
    dependencies:
      "@emnapi/core": 1.11.0
      "@emnapi/runtime": 1.11.0
      "@napi-rs/wasm-runtime": 1.1.5(@emnapi/core@1.11.0)(@emnapi/runtime@1.11.0)
    optional: true

  "@rolldown/binding-win32-arm64-msvc@1.1.1":
    optional: true

  "@rolldown/binding-win32-x64-msvc@1.1.1":
    optional: true

  "@rolldown/pluginutils@1.0.1": {}

  "@tybys/wasm-util@0.10.2":
    dependencies:
      tslib: 2.8.1
    optional: true

  "@types/body-parser@1.19.6":
    dependencies:
      "@types/connect": 3.4.38
      "@types/node": 20.19.43

  "@types/connect@3.4.38":
    dependencies:
      "@types/node": 20.19.43

  "@types/estree@1.0.9": {}

  "@types/express-serve-static-core@4.19.8":
    dependencies:
      "@types/node": 20.19.43
      "@types/qs": 6.15.1
      "@types/range-parser": 1.2.7
      "@types/send": 1.2.1

  "@types/express@4.17.25":
    dependencies:
      "@types/body-parser": 1.19.6
      "@types/express-serve-static-core": 4.19.8
      "@types/qs": 6.15.1
      "@types/serve-static": 1.15.10

  "@types/http-errors@2.0.5": {}

  "@types/jsesc@2.5.1": {}

  "@types/mime@1.3.5": {}

  "@types/node@20.19.43":
    dependencies:
      undici-types: 6.21.0

  "@types/qs@6.15.1": {}

  "@types/range-parser@1.2.7": {}

  "@types/send@0.17.6":
    dependencies:
      "@types/mime": 1.3.5
      "@types/node": 20.19.43

  "@types/send@1.2.1":
    dependencies:
      "@types/node": 20.19.43

  "@types/serve-static@1.15.10":
    dependencies:
      "@types/http-errors": 2.0.5
      "@types/node": 20.19.43
      "@types/send": 0.17.6

  accepts@1.3.8:
    dependencies:
      mime-types: 2.1.35
      negotiator: 0.6.3

  ansis@4.3.1: {}

  array-flatten@1.1.1: {}

  ast-kit@3.0.0-beta.1:
    dependencies:
      "@babel/parser": 8.0.0-rc.6
      estree-walker: 3.0.3
      pathe: 2.0.3

  birpc@4.0.0: {}

  body-parser@1.20.5:
    dependencies:
      bytes: 3.1.2
      content-type: 1.0.5
      debug: 2.6.9
      depd: 2.0.0
      destroy: 1.2.0
      http-errors: 2.0.1
      iconv-lite: 0.4.24
      on-finished: 2.4.1
      qs: 6.15.2
      raw-body: 2.5.3
      type-is: 1.6.18
      unpipe: 1.0.0
    transitivePeerDependencies:
      - supports-color

  bytes@3.1.2: {}

  cac@7.0.0: {}

  call-bind-apply-helpers@1.0.2:
    dependencies:
      es-errors: 1.3.0
      function-bind: 1.1.2

  call-bound@1.0.4:
    dependencies:
      call-bind-apply-helpers: 1.0.2
      get-intrinsic: 1.3.0

  content-disposition@0.5.4:
    dependencies:
      safe-buffer: 5.2.1

  content-type@1.0.5: {}

  cookie-signature@1.0.7: {}

  cookie@0.7.2: {}

  debug@2.6.9:
    dependencies:
      ms: 2.0.0

  defu@6.1.7: {}

  depd@2.0.0: {}

  destroy@1.2.0: {}

  dts-resolver@3.0.0: {}

  dunder-proto@1.0.1:
    dependencies:
      call-bind-apply-helpers: 1.0.2
      es-errors: 1.3.0
      gopd: 1.2.0

  ee-first@1.1.1: {}

  empathic@2.0.1: {}

  encodeurl@2.0.0: {}

  es-define-property@1.0.1: {}

  es-errors@1.3.0: {}

  es-object-atoms@1.1.2:
    dependencies:
      es-errors: 1.3.0

  escape-html@1.0.3: {}

  estree-walker@3.0.3:
    dependencies:
      "@types/estree": 1.0.9

  etag@1.8.1: {}

  express@4.22.2:
    dependencies:
      accepts: 1.3.8
      array-flatten: 1.1.1
      body-parser: 1.20.5
      content-disposition: 0.5.4
      content-type: 1.0.5
      cookie: 0.7.2
      cookie-signature: 1.0.7
      debug: 2.6.9
      depd: 2.0.0
      encodeurl: 2.0.0
      escape-html: 1.0.3
      etag: 1.8.1
      finalhandler: 1.3.2
      fresh: 0.5.2
      http-errors: 2.0.1
      merge-descriptors: 1.0.3
      methods: 1.1.2
      on-finished: 2.4.1
      parseurl: 1.3.3
      path-to-regexp: 0.1.13
      proxy-addr: 2.0.7
      qs: 6.15.2
      range-parser: 1.2.1
      safe-buffer: 5.2.1
      send: 0.19.2
      serve-static: 1.16.3
      setprototypeof: 1.2.0
      statuses: 2.0.2
      type-is: 1.6.18
      utils-merge: 1.0.1
      vary: 1.1.2
    transitivePeerDependencies:
      - supports-color

  fdir@6.5.0(picomatch@4.0.4):
    optionalDependencies:
      picomatch: 4.0.4

  finalhandler@1.3.2:
    dependencies:
      debug: 2.6.9
      encodeurl: 2.0.0
      escape-html: 1.0.3
      on-finished: 2.4.1
      parseurl: 1.3.3
      statuses: 2.0.2
      unpipe: 1.0.0
    transitivePeerDependencies:
      - supports-color

  forwarded@0.2.0: {}

  fresh@0.5.2: {}

  function-bind@1.1.2: {}

  get-intrinsic@1.3.0:
    dependencies:
      call-bind-apply-helpers: 1.0.2
      es-define-property: 1.0.1
      es-errors: 1.3.0
      es-object-atoms: 1.1.2
      function-bind: 1.1.2
      get-proto: 1.0.1
      gopd: 1.2.0
      has-symbols: 1.1.0
      hasown: 2.0.4
      math-intrinsics: 1.1.0

  get-proto@1.0.1:
    dependencies:
      dunder-proto: 1.0.1
      es-object-atoms: 1.1.2

  get-tsconfig@5.0.0-beta.5:
    dependencies:
      resolve-pkg-maps: 1.0.0

  gopd@1.2.0: {}

  has-symbols@1.1.0: {}

  hasown@2.0.4:
    dependencies:
      function-bind: 1.1.2

  hookable@6.1.1: {}

  http-errors@2.0.1:
    dependencies:
      depd: 2.0.0
      inherits: 2.0.4
      setprototypeof: 1.2.0
      statuses: 2.0.2
      toidentifier: 1.0.1

  iconv-lite@0.4.24:
    dependencies:
      safer-buffer: 2.1.2

  import-without-cache@0.4.0: {}

  inherits@2.0.4: {}

  ipaddr.js@1.9.1: {}

  jsesc@3.1.0: {}

  math-intrinsics@1.1.0: {}

  media-typer@0.3.0: {}

  merge-descriptors@1.0.3: {}

  methods@1.1.2: {}

  mime-db@1.52.0: {}

  mime-types@2.1.35:
    dependencies:
      mime-db: 1.52.0

  mime@1.6.0: {}

  ms@2.0.0: {}

  ms@2.1.3: {}

  negotiator@0.6.3: {}

  object-inspect@1.13.4: {}

  obug@2.1.3: {}

  on-finished@2.4.1:
    dependencies:
      ee-first: 1.1.1

  parseurl@1.3.3: {}

  path-to-regexp@0.1.13: {}

  pathe@2.0.3: {}

  picomatch@4.0.4: {}

  proxy-addr@2.0.7:
    dependencies:
      forwarded: 0.2.0
      ipaddr.js: 1.9.1

  qs@6.15.2:
    dependencies:
      side-channel: 1.1.1

  quansync@1.0.0: {}

  range-parser@1.2.1: {}

  raw-body@2.5.3:
    dependencies:
      bytes: 3.1.2
      http-errors: 2.0.1
      iconv-lite: 0.4.24
      unpipe: 1.0.0

  resolve-pkg-maps@1.0.0: {}

  rolldown-plugin-dts@0.25.2(rolldown@1.1.1)(typescript@5.9.3):
    dependencies:
      "@babel/generator": 8.0.0-rc.6
      "@babel/helper-validator-identifier": 8.0.0-rc.6
      "@babel/parser": 8.0.0-rc.6
      ast-kit: 3.0.0-beta.1
      birpc: 4.0.0
      dts-resolver: 3.0.0
      get-tsconfig: 5.0.0-beta.5
      obug: 2.1.3
      rolldown: 1.1.1
    optionalDependencies:
      typescript: 5.9.3
    transitivePeerDependencies:
      - oxc-resolver

  rolldown@1.1.1:
    dependencies:
      "@oxc-project/types": 0.135.0
      "@rolldown/pluginutils": 1.0.1
    optionalDependencies:
      "@rolldown/binding-android-arm64": 1.1.1
      "@rolldown/binding-darwin-arm64": 1.1.1
      "@rolldown/binding-darwin-x64": 1.1.1
      "@rolldown/binding-freebsd-x64": 1.1.1
      "@rolldown/binding-linux-arm-gnueabihf": 1.1.1
      "@rolldown/binding-linux-arm64-gnu": 1.1.1
      "@rolldown/binding-linux-arm64-musl": 1.1.1
      "@rolldown/binding-linux-ppc64-gnu": 1.1.1
      "@rolldown/binding-linux-s390x-gnu": 1.1.1
      "@rolldown/binding-linux-x64-gnu": 1.1.1
      "@rolldown/binding-linux-x64-musl": 1.1.1
      "@rolldown/binding-openharmony-arm64": 1.1.1
      "@rolldown/binding-wasm32-wasi": 1.1.1
      "@rolldown/binding-win32-arm64-msvc": 1.1.1
      "@rolldown/binding-win32-x64-msvc": 1.1.1

  safe-buffer@5.2.1: {}

  safer-buffer@2.1.2: {}

  semver@7.8.4: {}

  send@0.19.2:
    dependencies:
      debug: 2.6.9
      depd: 2.0.0
      destroy: 1.2.0
      encodeurl: 2.0.0
      escape-html: 1.0.3
      etag: 1.8.1
      fresh: 0.5.2
      http-errors: 2.0.1
      mime: 1.6.0
      ms: 2.1.3
      on-finished: 2.4.1
      range-parser: 1.2.1
      statuses: 2.0.2
    transitivePeerDependencies:
      - supports-color

  serve-static@1.16.3:
    dependencies:
      encodeurl: 2.0.0
      escape-html: 1.0.3
      parseurl: 1.3.3
      send: 0.19.2
    transitivePeerDependencies:
      - supports-color

  setprototypeof@1.2.0: {}

  side-channel-list@1.0.1:
    dependencies:
      es-errors: 1.3.0
      object-inspect: 1.13.4

  side-channel-map@1.0.1:
    dependencies:
      call-bound: 1.0.4
      es-errors: 1.3.0
      get-intrinsic: 1.3.0
      object-inspect: 1.13.4

  side-channel-weakmap@1.0.2:
    dependencies:
      call-bound: 1.0.4
      es-errors: 1.3.0
      get-intrinsic: 1.3.0
      object-inspect: 1.13.4
      side-channel-map: 1.0.1

  side-channel@1.1.1:
    dependencies:
      es-errors: 1.3.0
      object-inspect: 1.13.4
      side-channel-list: 1.0.1
      side-channel-map: 1.0.1
      side-channel-weakmap: 1.0.2

  statuses@2.0.2: {}

  tinyexec@1.2.4: {}

  tinyglobby@0.2.17:
    dependencies:
      fdir: 6.5.0(picomatch@4.0.4)
      picomatch: 4.0.4

  toidentifier@1.0.1: {}

  tree-kill@1.2.2: {}

  tsdown@0.22.2(typescript@5.9.3)(unrun@0.3.1):
    dependencies:
      ansis: 4.3.1
      cac: 7.0.0
      defu: 6.1.7
      empathic: 2.0.1
      hookable: 6.1.1
      import-without-cache: 0.4.0
      obug: 2.1.3
      picomatch: 4.0.4
      rolldown: 1.1.1
      rolldown-plugin-dts: 0.25.2(rolldown@1.1.1)(typescript@5.9.3)
      semver: 7.8.4
      tinyexec: 1.2.4
      tinyglobby: 0.2.17
      tree-kill: 1.2.2
      unconfig-core: 7.5.0
    optionalDependencies:
      typescript: 5.9.3
      unrun: 0.3.1
    transitivePeerDependencies:
      - "@ts-macro/tsc"
      - "@typescript/native-preview"
      - oxc-resolver
      - vue-tsc

  tslib@2.8.1:
    optional: true

  type-is@1.6.18:
    dependencies:
      media-typer: 0.3.0
      mime-types: 2.1.35

  typescript@5.9.3: {}

  unconfig-core@7.5.0:
    dependencies:
      "@quansync/fs": 1.0.0
      quansync: 1.0.0

  undici-types@6.21.0: {}

  unpipe@1.0.0: {}

  unrun@0.3.1:
    dependencies:
      rolldown: 1.1.1

  utils-merge@1.0.1: {}

  vary@1.1.2: {}
